PODS:
  - Alamofire (3.1.5)
  - BrightFutures (3.3.0):
    - Result (~> 1.0)
  - Result (1.0.1)
  - SwiftyJSON (2.3.2)

DEPENDENCIES:
  - Alamofire (~> 3.1)
  - BrightFutures (~> 3.3)
  - SwiftyJSON (~> 2.3)

SPEC CHECKSUMS:
  Alamofire: 5f730ba29fd113b7ddd71c1e65d0c630acf5d7b0
  BrightFutures: f4b491b3107487a0469973a74f81f334eb0ed60a
  Result: caef80340451e1f07492fa1e89117f83613bce24
  SwiftyJSON: 04ccea08915aa0109039157c7974cf0298da292a

PODFILE CHECKSUM: 9f4aedba4ee1100424395daa2e7463ff195d7e44

COCOAPODS: 1.0.0.beta.3
